
Microsoft Visual Studio Solution File, Format Version 12.00
# Visual Studio Version 16
VisualStudioVersion = 16.0.31829.152
MinimumVisualStudioVersion = 10.0.40219.1
Project("{FAE04EC0-301F-11D3-BF4B-00C04F79EFBC}") = "Cronometro", "Cronometro.csproj", "{3AE38177-9980-4E03-84CF-04F3C0A1C5CF}"
EndProject
Global
	GlobalSection(SolutionConfigurationPlatforms) = preSolution
		Debug|Any CPU = Debug|Any CPU
		Release|Any CPU = Release|Any CPU
	EndGlobalSection
	GlobalSection(ProjectConfigurationPlatforms) = postSolution
		{3AE38177-9980-4E03-84CF-04F3C0A1C5CF}.Debug|Any CPU.ActiveCfg = Debug|Any CPU
		{3AE38177-9980-4E03-84CF-04F3C0A1C5CF}.Debug|Any CPU.Build.0 = Debug|Any CPU
		{3AE38177-9980-4E03-84CF-04F3C0A1C5CF}.Release|Any CPU.ActiveCfg = Release|Any CPU
		{3AE38177-9980-4E03-84CF-04F3C0A1C5CF}.Release|Any CPU.Build.0 = Release|Any CPU
	EndGlobalSection
	GlobalSection(SolutionProperties) = preSolution
		HideSolutionNode = FALSE
	EndGlobalSection
	GlobalSection(ExtensibilityGlobals) = postSolution
		SolutionGuid = {7093EE0F-8289-4FDD-A388-B74B5BEEFED1}
	EndGlobalSection
EndGlobal
