
Microsoft Visual Studio Solution File, Format Version 12.00
# Visual Studio Version 16
VisualStudioVersion = 16.0.31829.152
MinimumVisualStudioVersion = 10.0.40219.1
Project("{FAE04EC0-301F-11D3-BF4B-00C04F79EFBC}") = "CalcVer", "CalcVer.csproj", "{718F470E-0FF4-4D05-B3AC-822DDFB5A98A}"
EndProject
Global
	GlobalSection(SolutionConfigurationPlatforms) = preSolution
		Debug|Any CPU = Debug|Any CPU
		Release|Any CPU = Release|Any CPU
	EndGlobalSection
	GlobalSection(ProjectConfigurationPlatforms) = postSolution
		{718F470E-0FF4-4D05-B3AC-822DDFB5A98A}.Debug|Any CPU.ActiveCfg = Debug|Any CPU
		{718F470E-0FF4-4D05-B3AC-822DDFB5A98A}.Debug|Any CPU.Build.0 = Debug|Any CPU
		{718F470E-0FF4-4D05-B3AC-822DDFB5A98A}.Release|Any CPU.ActiveCfg = Release|Any CPU
		{718F470E-0FF4-4D05-B3AC-822DDFB5A98A}.Release|Any CPU.Build.0 = Release|Any CPU
	EndGlobalSection
	GlobalSection(SolutionProperties) = preSolution
		HideSolutionNode = FALSE
	EndGlobalSection
	GlobalSection(ExtensibilityGlobals) = postSolution
		SolutionGuid = {AA40054A-613D-4D34-AD0D-E053892C67B3}
	EndGlobalSection
EndGlobal
